<Solution>
  <Configurations>
    <Platform Name="ARM64" />
    <Platform Name="x64" />
    <Platform Name="x86" />
  </Configurations>
  <Project Path="AI IT-Company/AI IT-Company.csproj">
    <Platform Solution="*|ARM64" Project="ARM64" />
    <Platform Solution="*|x64" Project="x64" />
    <Platform Solution="*|x86" Project="x86" />
    <Deploy />
  </Project>
  <Project Path="Ai/Ai.csproj">
    <Platform Solution="*|x64" Project="x64" />
  </Project>
  <Project Path="Build/Build.csproj">
    <Platform Solution="*|x64" Project="x64" />
  </Project>
  <Project Path="Core/Core.csproj">
    <Platform Solution="*|x64" Project="x64" />
  </Project>
  <Project Path="Data/Data.csproj">
    <Platform Solution="*|x64" Project="x64" />
  </Project>
  <Project Path="Cli/Cli.csproj">
    <Platform Solution="*|x64" Project="x64" />
  </Project>
</Solution>
